# This file is generated by running "yarn install" inside your project.
# Manual changes might be lost - proceed with caution!

__metadata:
  version: 6

"mikro-orm-get-mapped-type-repo@workspace:.":
  version: 0.0.0-use.local
  resolution: "mikro-orm-get-mapped-type-repo@workspace:."
  languageName: unknown
  linkType: soft
